
Microsoft Visual Studio Solution File, Format Version 12.00
# Visual Studio Version 17
VisualStudioVersion = 17.5.002.0
MinimumVisualStudioVersion = 10.0.40219.1
Project("{2150E333-8FDC-42A3-9474-1A3956D46DE8}") = "12_TDD", "12_TDD", "{8DC78041-BB82-4224-A415-BAA64DCCEEFF}"
EndProject
Project("{2150E333-8FDC-42A3-9474-1A3956D46DE8}") = "01_primeirosExemplos", "01_primeirosExemplos", "{C90B47FE-7002-4FF5-9C9C-17DE4CC4A564}"
EndProject
Project("{9A19103F-16F7-4668-BE54-9A1E7A4F7556}") = "Emprestimos.Core", "12_TDD\01_primeirosExemplos\Emprestimos.Core\Emprestimos.Core.csproj", "{A80A6FAD-24AD-406E-94E8-7A24312F1682}"
EndProject
Project("{9A19103F-16F7-4668-BE54-9A1E7A4F7556}") = "Emprestimos.Core.Tests", "12_TDD\01_primeirosExemplos\Emprestimos.Core.Tests\Emprestimos.Core.Tests.csproj", "{A034CC15-070D-4511-8E96-9300F29FAD5D}"
EndProject
Project("{2150E333-8FDC-42A3-9474-1A3956D46DE8}") = "14_RabbitMQ", "14_RabbitMQ", "{ECB39776-737C-4C6A-8E87-6A2745597D52}"
EndProject
Project("{2150E333-8FDC-42A3-9474-1A3956D46DE8}") = "1_PrimeirosPassos", "1_PrimeirosPassos", "{5D66FE00-B66A-40B4-A6FF-AA55457CCBA7}"
EndProject
Project("{FAE04EC0-301F-11D3-BF4B-00C04F79EFBC}") = "publicador_01", "14_RabbitMQ\1_PrimeirosPassos\publicador_01\publicador_01.csproj", "{2F6589FA-FE77-46EB-AB83-FA2768C177F5}"
EndProject
Project("{FAE04EC0-301F-11D3-BF4B-00C04F79EFBC}") = "consumidor_01", "14_RabbitMQ\1_PrimeirosPassos\consumidor_01\consumidor_01.csproj", "{BFCD9676-E1FE-4C6C-B5FB-E0D17F8B8383}"
EndProject
Project("{2150E333-8FDC-42A3-9474-1A3956D46DE8}") = "2_MultiplosConsumidores", "2_MultiplosConsumidores", "{1962D56B-B754-4F97-B13E-631049A66A23}"
EndProject
Project("{FAE04EC0-301F-11D3-BF4B-00C04F79EFBC}") = "Publicador", "14_RabbitMQ\2_MultiplosConsumidores\Publicador\Publicador.csproj", "{E3463976-1999-488F-8B8F-34D0CD4EA70B}"
EndProject
Project("{2150E333-8FDC-42A3-9474-1A3956D46DE8}") = "Consumidores", "Consumidores", "{363F0615-F786-4615-947E-8C6BD48161ED}"
EndProject
Project("{FAE04EC0-301F-11D3-BF4B-00C04F79EFBC}") = "Consumidor1", "14_RabbitMQ\2_MultiplosConsumidores\Consumidores\Consumidor1\Consumidor1.csproj", "{34375FD4-E2D2-4DA6-9CF8-0D5D70252E0E}"
EndProject
Project("{FAE04EC0-301F-11D3-BF4B-00C04F79EFBC}") = "Consumidor2", "14_RabbitMQ\2_MultiplosConsumidores\Consumidores\Consumidor2\Consumidor2.csproj", "{FB5F291A-D85B-46CD-AD2E-3C16652C1716}"
EndProject
Project("{2150E333-8FDC-42A3-9474-1A3956D46DE8}") = "3_PublicacaoOuvintes", "3_PublicacaoOuvintes", "{1C8BE8D6-2BBA-40D1-8C43-AA70AD72A5EC}"
EndProject
Project("{FAE04EC0-301F-11D3-BF4B-00C04F79EFBC}") = "Publicador", "14_RabbitMQ\3_PublicacaoOuvintes\Publicador\Publicador.csproj", "{5EF08BC4-A6A9-4009-9ED1-AB879349B8FA}"
EndProject
Project("{2150E333-8FDC-42A3-9474-1A3956D46DE8}") = "Consumidores", "Consumidores", "{2D3A9518-0146-45FF-8FED-35BCB0F96BCF}"
EndProject
Project("{FAE04EC0-301F-11D3-BF4B-00C04F79EFBC}") = "Consumidor1", "14_RabbitMQ\3_PublicacaoOuvintes\Consumidores\Consumidor1\Consumidor1.csproj", "{E6CD7480-6055-4611-893C-7611F5A861BF}"
EndProject
Project("{FAE04EC0-301F-11D3-BF4B-00C04F79EFBC}") = "Consumidor2", "14_RabbitMQ\3_PublicacaoOuvintes\Consumidores\Consumidor2\Consumidor2.csproj", "{E2DA159A-BA5D-45CB-A2EC-1DB61B7F786C}"
EndProject
Project("{2150E333-8FDC-42A3-9474-1A3956D46DE8}") = "4_Rotacionamento", "4_Rotacionamento", "{DC9B3756-DD8E-4D8C-979C-3FB7003A41C2}"
EndProject
Project("{FAE04EC0-301F-11D3-BF4B-00C04F79EFBC}") = "Publicador", "14_RabbitMQ\4_Rotacionamento\Publicador\Publicador.csproj", "{8FE2D9E7-D2BC-4831-A48B-A556A516FEB5}"
EndProject
Project("{2150E333-8FDC-42A3-9474-1A3956D46DE8}") = "Consumidores", "Consumidores", "{7A5299C9-E638-4B36-8051-6ED8A57183D1}"
EndProject
Project("{FAE04EC0-301F-11D3-BF4B-00C04F79EFBC}") = "Consumidor1", "14_RabbitMQ\4_Rotacionamento\Consumidores\Consumidor1\Consumidor1.csproj", "{2A56A73F-D732-4DAE-B7A2-A980AFBA2007}"
EndProject
Project("{FAE04EC0-301F-11D3-BF4B-00C04F79EFBC}") = "Consumidor2", "14_RabbitMQ\4_Rotacionamento\Consumidores\Consumidor2\Consumidor2.csproj", "{FE492892-B27C-47A4-B690-F8F49F9D1DE6}"
EndProject
Project("{2150E333-8FDC-42A3-9474-1A3956D46DE8}") = "15_Redis", "15_Redis", "{2FBA9715-8587-4090-ACDF-421BB05B835E}"
EndProject
Project("{FAE04EC0-301F-11D3-BF4B-00C04F79EFBC}") = "01_ApiSemRedis", "15_Redis\01_ApiSemRedis\01_ApiSemRedis.csproj", "{FF7F0D9B-1A2E-4F84-9DAF-A3D52E7C7E26}"
EndProject
Global
	GlobalSection(SolutionConfigurationPlatforms) = preSolution
		Debug|Any CPU = Debug|Any CPU
		Release|Any CPU = Release|Any CPU
	EndGlobalSection
	GlobalSection(ProjectConfigurationPlatforms) = postSolution
		{A80A6FAD-24AD-406E-94E8-7A24312F1682}.Debug|Any CPU.ActiveCfg = Debug|Any CPU
		{A80A6FAD-24AD-406E-94E8-7A24312F1682}.Debug|Any CPU.Build.0 = Debug|Any CPU
		{A80A6FAD-24AD-406E-94E8-7A24312F1682}.Release|Any CPU.ActiveCfg = Release|Any CPU
		{A80A6FAD-24AD-406E-94E8-7A24312F1682}.Release|Any CPU.Build.0 = Release|Any CPU
		{A034CC15-070D-4511-8E96-9300F29FAD5D}.Debug|Any CPU.ActiveCfg = Debug|Any CPU
		{A034CC15-070D-4511-8E96-9300F29FAD5D}.Debug|Any CPU.Build.0 = Debug|Any CPU
		{A034CC15-070D-4511-8E96-9300F29FAD5D}.Release|Any CPU.ActiveCfg = Release|Any CPU
		{A034CC15-070D-4511-8E96-9300F29FAD5D}.Release|Any CPU.Build.0 = Release|Any CPU
		{2F6589FA-FE77-46EB-AB83-FA2768C177F5}.Debug|Any CPU.ActiveCfg = Debug|Any CPU
		{2F6589FA-FE77-46EB-AB83-FA2768C177F5}.Debug|Any CPU.Build.0 = Debug|Any CPU
		{2F6589FA-FE77-46EB-AB83-FA2768C177F5}.Release|Any CPU.ActiveCfg = Release|Any CPU
		{2F6589FA-FE77-46EB-AB83-FA2768C177F5}.Release|Any CPU.Build.0 = Release|Any CPU
		{BFCD9676-E1FE-4C6C-B5FB-E0D17F8B8383}.Debug|Any CPU.ActiveCfg = Debug|Any CPU
		{BFCD9676-E1FE-4C6C-B5FB-E0D17F8B8383}.Debug|Any CPU.Build.0 = Debug|Any CPU
		{BFCD9676-E1FE-4C6C-B5FB-E0D17F8B8383}.Release|Any CPU.ActiveCfg = Release|Any CPU
		{BFCD9676-E1FE-4C6C-B5FB-E0D17F8B8383}.Release|Any CPU.Build.0 = Release|Any CPU
		{E3463976-1999-488F-8B8F-34D0CD4EA70B}.Debug|Any CPU.ActiveCfg = Debug|Any CPU
		{E3463976-1999-488F-8B8F-34D0CD4EA70B}.Debug|Any CPU.Build.0 = Debug|Any CPU
		{E3463976-1999-488F-8B8F-34D0CD4EA70B}.Release|Any CPU.ActiveCfg = Release|Any CPU
		{E3463976-1999-488F-8B8F-34D0CD4EA70B}.Release|Any CPU.Build.0 = Release|Any CPU
		{34375FD4-E2D2-4DA6-9CF8-0D5D70252E0E}.Debug|Any CPU.ActiveCfg = Debug|Any CPU
		{34375FD4-E2D2-4DA6-9CF8-0D5D70252E0E}.Debug|Any CPU.Build.0 = Debug|Any CPU
		{34375FD4-E2D2-4DA6-9CF8-0D5D70252E0E}.Release|Any CPU.ActiveCfg = Release|Any CPU
		{34375FD4-E2D2-4DA6-9CF8-0D5D70252E0E}.Release|Any CPU.Build.0 = Release|Any CPU
		{FB5F291A-D85B-46CD-AD2E-3C16652C1716}.Debug|Any CPU.ActiveCfg = Debug|Any CPU
		{FB5F291A-D85B-46CD-AD2E-3C16652C1716}.Debug|Any CPU.Build.0 = Debug|Any CPU
		{FB5F291A-D85B-46CD-AD2E-3C16652C1716}.Release|Any CPU.ActiveCfg = Release|Any CPU
		{FB5F291A-D85B-46CD-AD2E-3C16652C1716}.Release|Any CPU.Build.0 = Release|Any CPU
		{5EF08BC4-A6A9-4009-9ED1-AB879349B8FA}.Debug|Any CPU.ActiveCfg = Debug|Any CPU
		{5EF08BC4-A6A9-4009-9ED1-AB879349B8FA}.Debug|Any CPU.Build.0 = Debug|Any CPU
		{5EF08BC4-A6A9-4009-9ED1-AB879349B8FA}.Release|Any CPU.ActiveCfg = Release|Any CPU
		{5EF08BC4-A6A9-4009-9ED1-AB879349B8FA}.Release|Any CPU.Build.0 = Release|Any CPU
		{E6CD7480-6055-4611-893C-7611F5A861BF}.Debug|Any CPU.ActiveCfg = Debug|Any CPU
		{E6CD7480-6055-4611-893C-7611F5A861BF}.Debug|Any CPU.Build.0 = Debug|Any CPU
		{E6CD7480-6055-4611-893C-7611F5A861BF}.Release|Any CPU.ActiveCfg = Release|Any CPU
		{E6CD7480-6055-4611-893C-7611F5A861BF}.Release|Any CPU.Build.0 = Release|Any CPU
		{E2DA159A-BA5D-45CB-A2EC-1DB61B7F786C}.Debug|Any CPU.ActiveCfg = Debug|Any CPU
		{E2DA159A-BA5D-45CB-A2EC-1DB61B7F786C}.Debug|Any CPU.Build.0 = Debug|Any CPU
		{E2DA159A-BA5D-45CB-A2EC-1DB61B7F786C}.Release|Any CPU.ActiveCfg = Release|Any CPU
		{E2DA159A-BA5D-45CB-A2EC-1DB61B7F786C}.Release|Any CPU.Build.0 = Release|Any CPU
		{8FE2D9E7-D2BC-4831-A48B-A556A516FEB5}.Debug|Any CPU.ActiveCfg = Debug|Any CPU
		{8FE2D9E7-D2BC-4831-A48B-A556A516FEB5}.Debug|Any CPU.Build.0 = Debug|Any CPU
		{8FE2D9E7-D2BC-4831-A48B-A556A516FEB5}.Release|Any CPU.ActiveCfg = Release|Any CPU
		{8FE2D9E7-D2BC-4831-A48B-A556A516FEB5}.Release|Any CPU.Build.0 = Release|Any CPU
		{2A56A73F-D732-4DAE-B7A2-A980AFBA2007}.Debug|Any CPU.ActiveCfg = Debug|Any CPU
		{2A56A73F-D732-4DAE-B7A2-A980AFBA2007}.Debug|Any CPU.Build.0 = Debug|Any CPU
		{2A56A73F-D732-4DAE-B7A2-A980AFBA2007}.Release|Any CPU.ActiveCfg = Release|Any CPU
		{2A56A73F-D732-4DAE-B7A2-A980AFBA2007}.Release|Any CPU.Build.0 = Release|Any CPU
		{FE492892-B27C-47A4-B690-F8F49F9D1DE6}.Debug|Any CPU.ActiveCfg = Debug|Any CPU
		{FE492892-B27C-47A4-B690-F8F49F9D1DE6}.Debug|Any CPU.Build.0 = Debug|Any CPU
		{FE492892-B27C-47A4-B690-F8F49F9D1DE6}.Release|Any CPU.ActiveCfg = Release|Any CPU
		{FE492892-B27C-47A4-B690-F8F49F9D1DE6}.Release|Any CPU.Build.0 = Release|Any CPU
		{FF7F0D9B-1A2E-4F84-9DAF-A3D52E7C7E26}.Debug|Any CPU.ActiveCfg = Debug|Any CPU
		{FF7F0D9B-1A2E-4F84-9DAF-A3D52E7C7E26}.Debug|Any CPU.Build.0 = Debug|Any CPU
		{FF7F0D9B-1A2E-4F84-9DAF-A3D52E7C7E26}.Release|Any CPU.ActiveCfg = Release|Any CPU
		{FF7F0D9B-1A2E-4F84-9DAF-A3D52E7C7E26}.Release|Any CPU.Build.0 = Release|Any CPU
	EndGlobalSection
	GlobalSection(SolutionProperties) = preSolution
		HideSolutionNode = FALSE
	EndGlobalSection
	GlobalSection(NestedProjects) = preSolution
		{C90B47FE-7002-4FF5-9C9C-17DE4CC4A564} = {8DC78041-BB82-4224-A415-BAA64DCCEEFF}
		{A80A6FAD-24AD-406E-94E8-7A24312F1682} = {C90B47FE-7002-4FF5-9C9C-17DE4CC4A564}
		{A034CC15-070D-4511-8E96-9300F29FAD5D} = {C90B47FE-7002-4FF5-9C9C-17DE4CC4A564}
		{5D66FE00-B66A-40B4-A6FF-AA55457CCBA7} = {ECB39776-737C-4C6A-8E87-6A2745597D52}
		{2F6589FA-FE77-46EB-AB83-FA2768C177F5} = {5D66FE00-B66A-40B4-A6FF-AA55457CCBA7}
		{BFCD9676-E1FE-4C6C-B5FB-E0D17F8B8383} = {5D66FE00-B66A-40B4-A6FF-AA55457CCBA7}
		{1962D56B-B754-4F97-B13E-631049A66A23} = {ECB39776-737C-4C6A-8E87-6A2745597D52}
		{E3463976-1999-488F-8B8F-34D0CD4EA70B} = {1962D56B-B754-4F97-B13E-631049A66A23}
		{363F0615-F786-4615-947E-8C6BD48161ED} = {1962D56B-B754-4F97-B13E-631049A66A23}
		{34375FD4-E2D2-4DA6-9CF8-0D5D70252E0E} = {363F0615-F786-4615-947E-8C6BD48161ED}
		{FB5F291A-D85B-46CD-AD2E-3C16652C1716} = {363F0615-F786-4615-947E-8C6BD48161ED}
		{1C8BE8D6-2BBA-40D1-8C43-AA70AD72A5EC} = {ECB39776-737C-4C6A-8E87-6A2745597D52}
		{5EF08BC4-A6A9-4009-9ED1-AB879349B8FA} = {1C8BE8D6-2BBA-40D1-8C43-AA70AD72A5EC}
		{2D3A9518-0146-45FF-8FED-35BCB0F96BCF} = {1C8BE8D6-2BBA-40D1-8C43-AA70AD72A5EC}
		{E6CD7480-6055-4611-893C-7611F5A861BF} = {2D3A9518-0146-45FF-8FED-35BCB0F96BCF}
		{E2DA159A-BA5D-45CB-A2EC-1DB61B7F786C} = {2D3A9518-0146-45FF-8FED-35BCB0F96BCF}
		{DC9B3756-DD8E-4D8C-979C-3FB7003A41C2} = {ECB39776-737C-4C6A-8E87-6A2745597D52}
		{8FE2D9E7-D2BC-4831-A48B-A556A516FEB5} = {DC9B3756-DD8E-4D8C-979C-3FB7003A41C2}
		{7A5299C9-E638-4B36-8051-6ED8A57183D1} = {DC9B3756-DD8E-4D8C-979C-3FB7003A41C2}
		{2A56A73F-D732-4DAE-B7A2-A980AFBA2007} = {7A5299C9-E638-4B36-8051-6ED8A57183D1}
		{FE492892-B27C-47A4-B690-F8F49F9D1DE6} = {7A5299C9-E638-4B36-8051-6ED8A57183D1}
		{FF7F0D9B-1A2E-4F84-9DAF-A3D52E7C7E26} = {2FBA9715-8587-4090-ACDF-421BB05B835E}
	EndGlobalSection
	GlobalSection(ExtensibilityGlobals) = postSolution
		SolutionGuid = {CF21115F-3428-48DC-9905-1E698602CACD}
	EndGlobalSection
EndGlobal
